# This file is autogenerated, do not edit; changes may be undone by the next 'dep ensure'.


[[projects]]
  branch = "master"
  name = "github.com/anmitsu/go-shlex"
  packages = ["."]
  revision = "38f4b401e2be5955e3e00b843d96e3c406f5094d"

[[projects]]
  name = "github.com/creack/pty"
  packages = ["."]
  revision = "2a38352e8b4d7ab6c336eef107e42a55e72e7fbc"
  version = "v1.1.11"

[[projects]]
  name = "github.com/gliderlabs/ssh"
  packages = ["."]
  revision = "5b6cc7030f17095c0cf23bb063b0bfe824fe5f8b"
  version = "v0.2.2"

[[projects]]
  name = "github.com/hugelgupf/p9"
  packages = ["fsimpl/templatefs","internal","internal/linux","p9","vecnet"]
  revision = "7cc848b3cdfd46f1a2d5ffcfbd0e790fd869614f"
  version = "v0.1.0"

[[projects]]
  name = "github.com/klauspost/compress"
  packages = ["flate"]
  revision = "a3b7545c88eea469c2246bee0e6c130525d56190"
  version = "v1.11.13"

[[projects]]
  name = "github.com/klauspost/pgzip"
  packages = ["."]
  revision = "52335df0e96fa9c509c6fa2966697620beef6dc3"
  version = "v1.2.5"

[[projects]]
  name = "github.com/kr/pty"
  packages = ["."]
  revision = "24b51915630e1d9d3c6adf15a3a96796bbc3cd43"
  version = "v1.1.8"

[[projects]]
  branch = "master"
  name = "github.com/u-root/u-root"
  packages = ["pkg/cmdline","pkg/kmodule","pkg/libinit","pkg/shlex","pkg/termios","pkg/ulog","pkg/upath"]
  revision = "8318289d28f247f4e923a6ceaee535dfaa6d6545"

[[projects]]
  name = "github.com/ulikunitz/xz"
  packages = [".","internal/hash","internal/xlog","lzma"]
  revision = "b0e6b5a2af126053b434443f09f8b9678a31f02c"
  version = "v0.5.10"

[[projects]]
  name = "github.com/vishvananda/netlink"
  packages = [".","nl"]
  revision = "f049be6f391489d3f374498fe0c8df8449258372"
  version = "v1.1.0"

[[projects]]
  branch = "master"
  name = "github.com/vishvananda/netns"
  packages = ["."]
  revision = "2eb08e3e575f00733a612d25cc5d7470f8db6f35"

[[projects]]
  branch = "master"
  name = "golang.org/x/crypto"
  packages = ["blowfish","chacha20","curve25519","ed25519","ed25519/internal/edwards25519","internal/subtle","poly1305","ssh","ssh/internal/bcrypt_pbkdf"]
  revision = "0c34fe9e7dc2486962ef9867e3edb3503537209f"

[[projects]]
  branch = "master"
  name = "golang.org/x/sys"
  packages = ["cpu","internal/unsafeheader","unix"]
  revision = "5e06dd20ab57da35ef5928e610f228177c91df6e"

[solve-meta]
  analyzer-name = "dep"
  analyzer-version = 1
  inputs-digest = "a6be86c54dc677ca40c07d1ca9df3727cefd09bf11bbbe6be42e51dedb736114"
  solver-name = "gps-cdcl"
  solver-version = 1
